// !$*UTF8*$!
{
	archiveVersion = 1;
	classes = {
	};
	objectVersion = 50;
	objects = {

/* Begin PBXBuildFile section */
		9A00A1A422DE8531008C439A /* Automovil+CoreDataClass.swift in Sources */ = {isa = PBXBuildFile; fileRef = 9A00A1A222DE8531008C439A /* Automovil+CoreDataClass.swift */; };
		9A00A1A522DE8531008C439A /* Automovil+CoreDataProperties.swift in Sources */ = {isa = PBXBuildFile; fileRef = 9A00A1A322DE8531008C439A /* Automovil+CoreDataProperties.swift */; };
		9A52124622DD3B1A00B1054F /* AppDelegate.swift in Sources */ = {isa = PBXBuildFile; fileRef = 9A52124522DD3B1A00B1054F /* AppDelegate.swift */; };
		9A52124822DD3B1A00B1054F /* ViewController.swift in Sources */ = {isa = PBXBuildFile; fileRef = 9A52124722DD3B1A00B1054F /* ViewController.swift */; };
		9A52124B22DD3B1A00B1054F /* Main.storyboard in Resources */ = {isa = PBXBuildFile; fileRef = 9A52124922DD3B1A00B1054F /* Main.storyboard */; };
		9A52124E22DD3B1A00B1054F /* coreData2.xcdatamodeld in Sources */ = {isa = PBXBuildFile; fileRef = 9A52124C22DD3B1A00B1054F /* coreData2.xcdatamodeld */; };
		9A52125022DD3B1B00B1054F /* Assets.xcassets in Resources */ = {isa = PBXBuildFile; fileRef = 9A52124F22DD3B1B00B1054F /* Assets.xcassets */; };
		9A52125322DD3B1B00B1054F /* LaunchScreen.storyboard in Resources */ = {isa = PBXBuildFile; fileRef = 9A52125122DD3B1B00B1054F /* LaunchScreen.storyboard */; };
		9A52125E22DD3B1C00B1054F /* coreData2Tests.swift in Sources */ = {isa = PBXBuildFile; fileRef = 9A52125D22DD3B1C00B1054F /* coreData2Tests.swift */; };
		9A52126922DD3B1C00B1054F /* coreData2UITests.swift in Sources */ = {isa = PBXBuildFile; fileRef = 9A52126822DD3B1C00B1054F /* coreData2UITests.swift */; };
		9A52127722DD3ECE00B1054F /* ListaDatosIniciales.plist in Resources */ = {isa = PBXBuildFile; fileRef = 9A52127622DD3ECE00B1054F /* ListaDatosIniciales.plist */; };
/* End PBXBuildFile section */

/* Begin PBXContainerItemProxy section */
		9A52125A22DD3B1C00B1054F /* PBXContainerItemProxy */ = {
			isa = PBXContainerItemProxy;
			containerPortal = 9A52123A22DD3B1A00B1054F /* Project object */;
			proxyType = 1;
			remoteGlobalIDString = 9A52124122DD3B1A00B1054F;
			remoteInfo = coreData2;
		};
		9A52126522DD3B1C00B1054F /* PBXContainerItemProxy */ = {
			isa = PBXContainerItemProxy;
			containerPortal = 9A52123A22DD3B1A00B1054F /* Project object */;
			proxyType = 1;
			remoteGlobalIDString = 9A52124122DD3B1A00B1054F;
			remoteInfo = coreData2;
		};
/* End PBXContainerItemProxy section */

/* Begin PBXFileReference section */
		9A00A1A222DE8531008C439A /* Automovil+CoreDataClass.swift */ = {isa = PBXFileReference; lastKnownFileType = sourcecode.swift; path = "Automovil+CoreDataClass.swift"; sourceTree = "<group>"; };
		9A00A1A322DE8531008C439A /* Automovil+CoreDataProperties.swift */ = {isa = PBXFileReference; lastKnownFileType = sourcecode.swift; path = "Automovil+CoreDataProperties.swift"; sourceTree = "<group>"; };
		9A52124222DD3B1A00B1054F /* coreData2.app */ = {isa = PBXFileReference; explicitFileType = wrapper.application; includeInIndex = 0; path = coreData2.app; sourceTree = BUILT_PRODUCTS_DIR; };
		9A52124522DD3B1A00B1054F /* AppDelegate.swift */ = {isa = PBXFileReference; lastKnownFileType = sourcecode.swift; path = AppDelegate.swift; sourceTree = "<group>"; };
		9A52124722DD3B1A00B1054F /* ViewController.swift */ = {isa = PBXFileReference; lastKnownFileType = sourcecode.swift; path = ViewController.swift; sourceTree = "<group>"; };
		9A52124A22DD3B1A00B1054F /* Base */ = {isa = PBXFileReference; lastKnownFileType = file.storyboard; name = Base; path = Base.lproj/Main.storyboard; sourceTree = "<group>"; };
		9A52124D22DD3B1A00B1054F /* coreData2.xcdatamodel */ = {isa = PBXFileReference; lastKnownFileType = wrapper.xcdatamodel; path = coreData2.xcdatamodel; sourceTree = "<group>"; };
		9A52124F22DD3B1B00B1054F /* Assets.xcassets */ = {isa = PBXFileReference; lastKnownFileType = folder.assetcatalog; path = Assets.xcassets; sourceTree = "<group>"; };
		9A52125222DD3B1B00B1054F /* Base */ = {isa = PBXFileReference; lastKnownFileType = file.storyboard; name = Base; path = Base.lproj/LaunchScreen.storyboard; sourceTree = "<group>"; };
		9A52125422DD3B1B00B1054F /* Info.plist */ = {isa = PBXFileReference; lastKnownFileType = text.plist.xml; path = Info.plist; sourceTree = "<group>"; };
		9A52125922DD3B1C00B1054F /* coreData2Tests.xctest */ = {isa = PBXFileReference; explicitFileType = wrapper.cfbundle; includeInIndex = 0; path = coreData2Tests.xctest; sourceTree = BUILT_PRODUCTS_DIR; };
		9A52125D22DD3B1C00B1054F /* coreData2Tests.swift */ = {isa = PBXFileReference; lastKnownFileType = sourcecode.swift; path = coreData2Tests.swift; sourceTree = "<group>"; };
		9A52125F22DD3B1C00B1054F /* Info.plist */ = {isa = PBXFileReference; lastKnownFileType = text.plist.xml; path = Info.plist; sourceTree = "<group>"; };
		9A52126422DD3B1C00B1054F /* coreData2UITests.xctest */ = {isa = PBXFileReference; explicitFileType = wrapper.cfbundle; includeInIndex = 0; path = coreData2UITests.xctest; sourceTree = BUILT_PRODUCTS_DIR; };
		9A52126822DD3B1C00B1054F /* coreData2UITests.swift */ = {isa = PBXFileReference; lastKnownFileType = sourcecode.swift; path = coreData2UITests.swift; sourceTree = "<group>"; };
		9A52126A22DD3B1C00B1054F /* Info.plist */ = {isa = PBXFileReference; lastKnownFileType = text.plist.xml; path = Info.plist; sourceTree = "<group>"; };
		9A52127622DD3ECE00B1054F /* ListaDatosIniciales.plist */ = {isa = PBXFileReference; lastKnownFileType = text.plist.xml; path = ListaDatosIniciales.plist; sourceTree = "<group>"; };
/* End PBXFileReference section */

/* Begin PBXFrameworksBuildPhase section */
		9A52123F22DD3B1A00B1054F /* Frameworks */ = {
			isa = PBXFrameworksBuildPhase;
			buildActionMask = 2147483647;
			files = (
			);
			runOnlyForDeploymentPostprocessing = 0;
		};
		9A52125622DD3B1C00B1054F /* Frameworks */ = {
			isa = PBXFrameworksBuildPhase;
			buildActionMask = 2147483647;
			files = (
			);
			runOnlyForDeploymentPostprocessing = 0;
		};
		9A52126122DD3B1C00B1054F /* Frameworks */ = {
			isa = PBXFrameworksBuildPhase;
			buildActionMask = 2147483647;
			files = (
			);
			runOnlyForDeploymentPostprocessing = 0;
		};
/* End PBXFrameworksBuildPhase section */

/* Begin PBXGroup section */
		9A52123922DD3B1A00B1054F = {
			isa = PBXGroup;
			children = (
				9A00A1A222DE8531008C439A /* Automovil+CoreDataClass.swift */,
				9A00A1A322DE8531008C439A /* Automovil+CoreDataProperties.swift */,
				9A52124422DD3B1A00B1054F /* coreData2 */,
				9A52125C22DD3B1C00B1054F /* coreData2Tests */,
				9A52126722DD3B1C00B1054F /* coreData2UITests */,
				9A52124322DD3B1A00B1054F /* Products */,
			);
			sourceTree = "<group>";
		};
		9A52124322DD3B1A00B1054F /* Products */ = {
			isa = PBXGroup;
			children = (
				9A52124222DD3B1A00B1054F /* coreData2.app */,
				9A52125922DD3B1C00B1054F /* coreData2Tests.xctest */,
				9A52126422DD3B1C00B1054F /* coreData2UITests.xctest */,
			);
			name = Products;
			sourceTree = "<group>";
		};
		9A52124422DD3B1A00B1054F /* coreData2 */ = {
			isa = PBXGroup;
			children = (
				9A52124522DD3B1A00B1054F /* AppDelegate.swift */,
				9A52124722DD3B1A00B1054F /* ViewController.swift */,
				9A52124922DD3B1A00B1054F /* Main.storyboard */,
				9A52127622DD3ECE00B1054F /* ListaDatosIniciales.plist */,
				9A52124F22DD3B1B00B1054F /* Assets.xcassets */,
				9A52125122DD3B1B00B1054F /* LaunchScreen.storyboard */,
				9A52125422DD3B1B00B1054F /* Info.plist */,
				9A52124C22DD3B1A00B1054F /* coreData2.xcdatamodeld */,
			);
			path = coreData2;
			sourceTree = "<group>";
		};
		9A52125C22DD3B1C00B1054F /* coreData2Tests */ = {
			isa = PBXGroup;
			children = (
				9A52125D22DD3B1C00B1054F /* coreData2Tests.swift */,
				9A52125F22DD3B1C00B1054F /* Info.plist */,
			);
			path = coreData2Tests;
			sourceTree = "<group>";
		};
		9A52126722DD3B1C00B1054F /* coreData2UITests */ = {
			isa = PBXGroup;
			children = (
				9A52126822DD3B1C00B1054F /* coreData2UITests.swift */,
				9A52126A22DD3B1C00B1054F /* Info.plist */,
			);
			path = coreData2UITests;
			sourceTree = "<group>";
		};
/* End PBXGroup section */

/* Begin PBXNativeTarget section */
		9A52124122DD3B1A00B1054F /* coreData2 */ = {
			isa = PBXNativeTarget;
			buildConfigurationList = 9A52126D22DD3B1C00B1054F /* Build configuration list for PBXNativeTarget "coreData2" */;
			buildPhases = (
				9A52123E22DD3B1A00B1054F /* Sources */,
				9A52123F22DD3B1A00B1054F /* Frameworks */,
				9A52124022DD3B1A00B1054F /* Resources */,
			);
			buildRules = (
			);
			dependencies = (
			);
			name = coreData2;
			productName = coreData2;
			productReference = 9A52124222DD3B1A00B1054F /* coreData2.app */;
			productType = "com.apple.product-type.application";
		};
		9A52125822DD3B1C00B1054F /* coreData2Tests */ = {
			isa = PBXNativeTarget;
			buildConfigurationList = 9A52127022DD3B1C00B1054F /* Build configuration list for PBXNativeTarget "coreData2Tests" */;
			buildPhases = (
				9A52125522DD3B1C00B1054F /* Sources */,
				9A52125622DD3B1C00B1054F /* Frameworks */,
				9A52125722DD3B1C00B1054F /* Resources */,
			);
			buildRules = (
			);
			dependencies = (
				9A52125B22DD3B1C00B1054F /* PBXTargetDependency */,
			);
			name = coreData2Tests;
			productName = coreData2Tests;
			productReference = 9A52125922DD3B1C00B1054F /* coreData2Tests.xctest */;
			productType = "com.apple.product-type.bundle.unit-test";
		};
		9A52126322DD3B1C00B1054F /* coreData2UITests */ = {
			isa = PBXNativeTarget;
			buildConfigurationList = 9A52127322DD3B1C00B1054F /* Build configuration list for PBXNativeTarget "coreData2UITests" */;
			buildPhases = (
				9A52126022DD3B1C00B1054F /* Sources */,
				9A52126122DD3B1C00B1054F /* Frameworks */,
				9A52126222DD3B1C00B1054F /* Resources */,
			);
			buildRules = (
			);
			dependencies = (
				9A52126622DD3B1C00B1054F /* PBXTargetDependency */,
			);
			name = coreData2UITests;
			productName = coreData2UITests;
			productReference = 9A52126422DD3B1C00B1054F /* coreData2UITests.xctest */;
			productType = "com.apple.product-type.bundle.ui-testing";
		};
/* End PBXNativeTarget section */

/* Begin PBXProject section */
		9A52123A22DD3B1A00B1054F /* Project object */ = {
			isa = PBXProject;
			attributes = {
				LastSwiftUpdateCheck = 1020;
				LastUpgradeCheck = 1020;
				ORGANIZATIONNAME = "Edison Effect";
				TargetAttributes = {
					9A52124122DD3B1A00B1054F = {
						CreatedOnToolsVersion = 10.2.1;
					};
					9A52125822DD3B1C00B1054F = {
						CreatedOnToolsVersion = 10.2.1;
						TestTargetID = 9A52124122DD3B1A00B1054F;
					};
					9A52126322DD3B1C00B1054F = {
						CreatedOnToolsVersion = 10.2.1;
						TestTargetID = 9A52124122DD3B1A00B1054F;
					};
				};
			};
			buildConfigurationList = 9A52123D22DD3B1A00B1054F /* Build configuration list for PBXProject "coreData2" */;
			compatibilityVersion = "Xcode 9.3";
			developmentRegion = en;
			hasScannedForEncodings = 0;
			knownRegions = (
				en,
				Base,
			);
			mainGroup = 9A52123922DD3B1A00B1054F;
			productRefGroup = 9A52124322DD3B1A00B1054F /* Products */;
			projectDirPath = "";
			projectRoot = "";
			targets = (
				9A52124122DD3B1A00B1054F /* coreData2 */,
				9A52125822DD3B1C00B1054F /* coreData2Tests */,
				9A52126322DD3B1C00B1054F /* coreData2UITests */,
			);
		};
/* End PBXProject section */

/* Begin PBXResourcesBuildPhase section */
		9A52124022DD3B1A00B1054F /* Resources */ = {
			isa = PBXResourcesBuildPhase;
			buildActionMask = 2147483647;
			files = (
				9A52127722DD3ECE00B1054F /* ListaDatosIniciales.plist in Resources */,
				9A52125322DD3B1B00B1054F /* LaunchScreen.storyboard in Resources */,
				9A52125022DD3B1B00B1054F /* Assets.xcassets in Resources */,
				9A52124B22DD3B1A00B1054F /* Main.storyboard in Resources */,
			);
			runOnlyForDeploymentPostprocessing = 0;
		};
		9A52125722DD3B1C00B1054F /* Resources */ = {
			isa = PBXResourcesBuildPhase;
			buildActionMask = 2147483647;
			files = (
			);
			runOnlyForDeploymentPostprocessing = 0;
		};
		9A52126222DD3B1C00B1054F /* Resources */ = {
			isa = PBXResourcesBuildPhase;
			buildActionMask = 2147483647;
			files = (
			);
			runOnlyForDeploymentPostprocessing = 0;
		};
/* End PBXResourcesBuildPhase section */

/* Begin PBXSourcesBuildPhase section */
		9A52123E22DD3B1A00B1054F /* Sources */ = {
			isa = PBXSourcesBuildPhase;
			buildActionMask = 2147483647;
			files = (
				9A00A1A522DE8531008C439A /* Automovil+CoreDataProperties.swift in Sources */,
				9A00A1A422DE8531008C439A /* Automovil+CoreDataClass.swift in Sources */,
				9A52124822DD3B1A00B1054F /* ViewController.swift in Sources */,
				9A52124E22DD3B1A00B1054F /* coreData2.xcdatamodeld in Sources */,
				9A52124622DD3B1A00B1054F /* AppDelegate.swift in Sources */,
			);
			runOnlyForDeploymentPostprocessing = 0;
		};
		9A52125522DD3B1C00B1054F /* Sources */ = {
			isa = PBXSourcesBuildPhase;
			buildActionMask = 2147483647;
			files = (
				9A52125E22DD3B1C00B1054F /* coreData2Tests.swift in Sources */,
			);
			runOnlyForDeploymentPostprocessing = 0;
		};
		9A52126022DD3B1C00B1054F /* Sources */ = {
			isa = PBXSourcesBuildPhase;
			buildActionMask = 2147483647;
			files = (
				9A52126922DD3B1C00B1054F /* coreData2UITests.swift in Sources */,
			);
			runOnlyForDeploymentPostprocessing = 0;
		};
/* End PBXSourcesBuildPhase section */

/* Begin PBXTargetDependency section */
		9A52125B22DD3B1C00B1054F /* PBXTargetDependency */ = {
			isa = PBXTargetDependency;
			target = 9A52124122DD3B1A00B1054F /* coreData2 */;
			targetProxy = 9A52125A22DD3B1C00B1054F /* PBXContainerItemProxy */;
		};
		9A52126622DD3B1C00B1054F /* PBXTargetDependency */ = {
			isa = PBXTargetDependency;
			target = 9A52124122DD3B1A00B1054F /* coreData2 */;
			targetProxy = 9A52126522DD3B1C00B1054F /* PBXContainerItemProxy */;
		};
/* End PBXTargetDependency section */

/* Begin PBXVariantGroup section */
		9A52124922DD3B1A00B1054F /* Main.storyboard */ = {
			isa = PBXVariantGroup;
			children = (
				9A52124A22DD3B1A00B1054F /* Base */,
			);
			name = Main.storyboard;
			sourceTree = "<group>";
		};
		9A52125122DD3B1B00B1054F /* LaunchScreen.storyboard */ = {
			isa = PBXVariantGroup;
			children = (
				9A52125222DD3B1B00B1054F /* Base */,
			);
			name = LaunchScreen.storyboard;
			sourceTree = "<group>";
		};
/* End PBXVariantGroup section */

/* Begin XCBuildConfiguration section */
		9A52126B22DD3B1C00B1054F /* Debug */ = {
			isa = XCBuildConfiguration;
			buildSettings = {
				ALWAYS_SEARCH_USER_PATHS = NO;
				CLANG_ANALYZER_NONNULL = YES;
				CLANG_ANALYZER_NUMBER_OBJECT_CONVERSION = YES_AGGRESSIVE;
				CLANG_CXX_LANGUAGE_STANDARD = "gnu++14";
				CLANG_CXX_LIBRARY = "libc++";
				CLANG_ENABLE_MODULES = YES;
				CLANG_ENABLE_OBJC_ARC = YES;
				CLANG_ENABLE_OBJC_WEAK = YES;
				CLANG_WARN_BLOCK_CAPTURE_AUTORELEASING = YES;
				CLANG_WARN_BOOL_CONVERSION = YES;
				CLANG_WARN_COMMA = YES;
				CLANG_WARN_CONSTANT_CONVERSION = YES;
				CLANG_WARN_DEPRECATED_OBJC_IMPLEMENTATIONS = YES;
				CLANG_WARN_DIRECT_OBJC_ISA_USAGE = YES_ERROR;
				CLANG_WARN_DOCUMENTATION_COMMENTS = YES;
				CLANG_WARN_EMPTY_BODY = YES;
				CLANG_WARN_ENUM_CONVERSION = YES;
				CLANG_WARN_INFINITE_RECURSION = YES;
				CLANG_WARN_INT_CONVERSION = YES;
				CLANG_WARN_NON_LITERAL_NULL_CONVERSION = YES;
				CLANG_WARN_OBJC_IMPLICIT_RETAIN_SELF = YES;
				CLANG_WARN_OBJC_LITERAL_CONVERSION = YES;
				CLANG_WARN_OBJC_ROOT_CLASS = YES_ERROR;
				CLANG_WARN_RANGE_LOOP_ANALYSIS = YES;
				CLANG_WARN_STRICT_PROTOTYPES = YES;
				CLANG_WARN_SUSPICIOUS_MOVE = YES;
				CLANG_WARN_UNGUARDED_AVAILABILITY = YES_AGGRESSIVE;
				CLANG_WARN_UNREACHABLE_CODE = YES;
				CLANG_WARN__DUPLICATE_METHOD_MATCH = YES;
				CODE_SIGN_IDENTITY = "iPhone Developer";
				COPY_PHASE_STRIP = NO;
				DEBUG_INFORMATION_FORMAT = dwarf;
				ENABLE_STRICT_OBJC_MSGSEND = YES;
				ENABLE_TESTABILITY = YES;
				GCC_C_LANGUAGE_STANDARD = gnu11;
				GCC_DYNAMIC_NO_PIC = NO;
				GCC_NO_COMMON_BLOCKS = YES;
				GCC_OPTIMIZATION_LEVEL = 0;
				GCC_PREPROCESSOR_DEFINITIONS = (
					"DEBUG=1",
					"$(inherited)",
				);
				GCC_WARN_64_TO_32_BIT_CONVERSION = YES;
				GCC_WARN_ABOUT_RETURN_TYPE = YES_ERROR;
				GCC_WARN_UNDECLARED_SELECTOR = YES;
				GCC_WARN_UNINITIALIZED_AUTOS = YES_AGGRESSIVE;
				GCC_WARN_UNUSED_FUNCTION = YES;
				GCC_WARN_UNUSED_VARIABLE = YES;
				IPHONEOS_DEPLOYMENT_TARGET = 12.2;
				MTL_ENABLE_DEBUG_INFO = INCLUDE_SOURCE;
				MTL_FAST_MATH = YES;
				ONLY_ACTIVE_ARCH = YES;
				SDKROOT = iphoneos;
				SWIFT_ACTIVE_COMPILATION_CONDITIONS = DEBUG;
				SWIFT_OPTIMIZATION_LEVEL = "-Onone";
			};
			name = Debug;
		};
		9A52126C22DD3B1C00B1054F /* Release */ = {
			isa = XCBuildConfiguration;
			buildSettings = {
				ALWAYS_SEARCH_USER_PATHS = NO;
				CLANG_ANALYZER_NONNULL = YES;
				CLANG_ANALYZER_NUMBER_OBJECT_CONVERSION = YES_AGGRESSIVE;
				CLANG_CXX_LANGUAGE_STANDARD = "gnu++14";
				CLANG_CXX_LIBRARY = "libc++";
				CLANG_ENABLE_MODULES = YES;
				CLANG_ENABLE_OBJC_ARC = YES;
				CLANG_ENABLE_OBJC_WEAK = YES;
				CLANG_WARN_BLOCK_CAPTURE_AUTORELEASING = YES;
				CLANG_WARN_BOOL_CONVERSION = YES;
				CLANG_WARN_COMMA = YES;
				CLANG_WARN_CONSTANT_CONVERSION = YES;
				CLANG_WARN_DEPRECATED_OBJC_IMPLEMENTATIONS = YES;
				CLANG_WARN_DIRECT_OBJC_ISA_USAGE = YES_ERROR;
				CLANG_WARN_DOCUMENTATION_COMMENTS = YES;
				CLANG_WARN_EMPTY_BODY = YES;
				CLANG_WARN_ENUM_CONVERSION = YES;
				CLANG_WARN_INFINITE_RECURSION = YES;
				CLANG_WARN_INT_CONVERSION = YES;
				CLANG_WARN_NON_LITERAL_NULL_CONVERSION = YES;
				CLANG_WARN_OBJC_IMPLICIT_RETAIN_SELF = YES;
				CLANG_WARN_OBJC_LITERAL_CONVERSION = YES;
				CLANG_WARN_OBJC_ROOT_CLASS = YES_ERROR;
				CLANG_WARN_RANGE_LOOP_ANALYSIS = YES;
				CLANG_WARN_STRICT_PROTOTYPES = YES;
				CLANG_WARN_SUSPICIOUS_MOVE = YES;
				CLANG_WARN_UNGUARDED_AVAILABILITY = YES_AGGRESSIVE;
				CLANG_WARN_UNREACHABLE_CODE = YES;
				CLANG_WARN__DUPLICATE_METHOD_MATCH = YES;
				CODE_SIGN_IDENTITY = "iPhone Developer";
				COPY_PHASE_STRIP = NO;
				DEBUG_INFORMATION_FORMAT = "dwarf-with-dsym";
				ENABLE_NS_ASSERTIONS = NO;
				ENABLE_STRICT_OBJC_MSGSEND = YES;
				GCC_C_LANGUAGE_STANDARD = gnu11;
				GCC_NO_COMMON_BLOCKS = YES;
				GCC_WARN_64_TO_32_BIT_CONVERSION = YES;
				GCC_WARN_ABOUT_RETURN_TYPE = YES_ERROR;
				GCC_WARN_UNDECLARED_SELECTOR = YES;
				GCC_WARN_UNINITIALIZED_AUTOS = YES_AGGRESSIVE;
				GCC_WARN_UNUSED_FUNCTION = YES;
				GCC_WARN_UNUSED_VARIABLE = YES;
				IPHONEOS_DEPLOYMENT_TARGET = 12.2;
				MTL_ENABLE_DEBUG_INFO = NO;
				MTL_FAST_MATH = YES;
				SDKROOT = iphoneos;
				SWIFT_COMPILATION_MODE = wholemodule;
				SWIFT_OPTIMIZATION_LEVEL = "-O";
				VALIDATE_PRODUCT = YES;
			};
			name = Release;
		};
		9A52126E22DD3B1C00B1054F /* Debug */ = {
			isa = XCBuildConfiguration;
			buildSettings = {
				ASSETCATALOG_COMPILER_APPICON_NAME = AppIcon;
				CODE_SIGN_STYLE = Automatic;
				DEVELOPMENT_TEAM = 6VAW5LY4HJ;
				INFOPLIST_FILE = coreData2/Info.plist;
				LD_RUNPATH_SEARCH_PATHS = (
					"$(inherited)",
					"@executable_path/Frameworks",
				);
				PRODUCT_BUNDLE_IDENTIFIER = com.edisoneffect.coreData2;
				PRODUCT_NAME = "$(TARGET_NAME)";
				SWIFT_VERSION = 5.0;
				TARGETED_DEVICE_FAMILY = "1,2";
			};
			name = Debug;
		};
		9A52126F22DD3B1C00B1054F /* Release */ = {
			isa = XCBuildConfiguration;
			buildSettings = {
				ASSETCATALOG_COMPILER_APPICON_NAME = AppIcon;
				CODE_SIGN_STYLE = Automatic;
				DEVELOPMENT_TEAM = 6VAW5LY4HJ;
				INFOPLIST_FILE = coreData2/Info.plist;
				LD_RUNPATH_SEARCH_PATHS = (
					"$(inherited)",
					"@executable_path/Frameworks",
				);
				PRODUCT_BUNDLE_IDENTIFIER = com.edisoneffect.coreData2;
				PRODUCT_NAME = "$(TARGET_NAME)";
				SWIFT_VERSION = 5.0;
				TARGETED_DEVICE_FAMILY = "1,2";
			};
			name = Release;
		};
		9A52127122DD3B1C00B1054F /* Debug */ = {
			isa = XCBuildConfiguration;
			buildSettings = {
				ALWAYS_EMBED_SWIFT_STANDARD_LIBRARIES = YES;
				BUNDLE_LOADER = "$(TEST_HOST)";
				CODE_SIGN_STYLE = Automatic;
				DEVELOPMENT_TEAM = 6VAW5LY4HJ;
				INFOPLIST_FILE = coreData2Tests/Info.plist;
				LD_RUNPATH_SEARCH_PATHS = (
					"$(inherited)",
					"@executable_path/Frameworks",
					"@loader_path/Frameworks",
				);
				PRODUCT_BUNDLE_IDENTIFIER = com.edisoneffect.coreData2Tests;
				PRODUCT_NAME = "$(TARGET_NAME)";
				SWIFT_VERSION = 5.0;
				TARGETED_DEVICE_FAMILY = "1,2";
				TEST_HOST = "$(BUILT_PRODUCTS_DIR)/coreData2.app/coreData2";
			};
			name = Debug;
		};
		9A52127222DD3B1C00B1054F /* Release */ = {
			isa = XCBuildConfiguration;
			buildSettings = {
				ALWAYS_EMBED_SWIFT_STANDARD_LIBRARIES = YES;
				BUNDLE_LOADER = "$(TEST_HOST)";
				CODE_SIGN_STYLE = Automatic;
				DEVELOPMENT_TEAM = 6VAW5LY4HJ;
				INFOPLIST_FILE = coreData2Tests/Info.plist;
				LD_RUNPATH_SEARCH_PATHS = (
					"$(inherited)",
					"@executable_path/Frameworks",
					"@loader_path/Frameworks",
				);
				PRODUCT_BUNDLE_IDENTIFIER = com.edisoneffect.coreData2Tests;
				PRODUCT_NAME = "$(TARGET_NAME)";
				SWIFT_VERSION = 5.0;
				TARGETED_DEVICE_FAMILY = "1,2";
				TEST_HOST = "$(BUILT_PRODUCTS_DIR)/coreData2.app/coreData2";
			};
			name = Release;
		};
		9A52127422DD3B1C00B1054F /* Debug */ = {
			isa = XCBuildConfiguration;
			buildSettings = {
				ALWAYS_EMBED_SWIFT_STANDARD_LIBRARIES = YES;
				CODE_SIGN_STYLE = Automatic;
				DEVELOPMENT_TEAM = 6VAW5LY4HJ;
				INFOPLIST_FILE = coreData2UITests/Info.plist;
				LD_RUNPATH_SEARCH_PATHS = (
					"$(inherited)",
					"@executable_path/Frameworks",
					"@loader_path/Frameworks",
				);
				PRODUCT_BUNDLE_IDENTIFIER = com.edisoneffect.coreData2UITests;
				PRODUCT_NAME = "$(TARGET_NAME)";
				SWIFT_VERSION = 5.0;
				TARGETED_DEVICE_FAMILY = "1,2";
				TEST_TARGET_NAME = coreData2;
			};
			name = Debug;
		};
		9A52127522DD3B1C00B1054F /* Release */ = {
			isa = XCBuildConfiguration;
			buildSettings = {
				ALWAYS_EMBED_SWIFT_STANDARD_LIBRARIES = YES;
				CODE_SIGN_STYLE = Automatic;
				DEVELOPMENT_TEAM = 6VAW5LY4HJ;
				INFOPLIST_FILE = coreData2UITests/Info.plist;
				LD_RUNPATH_SEARCH_PATHS = (
					"$(inherited)",
					"@executable_path/Frameworks",
					"@loader_path/Frameworks",
				);
				PRODUCT_BUNDLE_IDENTIFIER = com.edisoneffect.coreData2UITests;
				PRODUCT_NAME = "$(TARGET_NAME)";
				SWIFT_VERSION = 5.0;
				TARGETED_DEVICE_FAMILY = "1,2";
				TEST_TARGET_NAME = coreData2;
			};
			name = Release;
		};
/* End XCBuildConfiguration section */

/* Begin XCConfigurationList section */
		9A52123D22DD3B1A00B1054F /* Build configuration list for PBXProject "coreData2" */ = {
			isa = XCConfigurationList;
			buildConfigurations = (
				9A52126B22DD3B1C00B1054F /* Debug */,
				9A52126C22DD3B1C00B1054F /* Release */,
			);
			defaultConfigurationIsVisible = 0;
			defaultConfigurationName = Release;
		};
		9A52126D22DD3B1C00B1054F /* Build configuration list for PBXNativeTarget "coreData2" */ = {
			isa = XCConfigurationList;
			buildConfigurations = (
				9A52126E22DD3B1C00B1054F /* Debug */,
				9A52126F22DD3B1C00B1054F /* Release */,
			);
			defaultConfigurationIsVisible = 0;
			defaultConfigurationName = Release;
		};
		9A52127022DD3B1C00B1054F /* Build configuration list for PBXNativeTarget "coreData2Tests" */ = {
			isa = XCConfigurationList;
			buildConfigurations = (
				9A52127122DD3B1C00B1054F /* Debug */,
				9A52127222DD3B1C00B1054F /* Release */,
			);
			defaultConfigurationIsVisible = 0;
			defaultConfigurationName = Release;
		};
		9A52127322DD3B1C00B1054F /* Build configuration list for PBXNativeTarget "coreData2UITests" */ = {
			isa = XCConfigurationList;
			buildConfigurations = (
				9A52127422DD3B1C00B1054F /* Debug */,
				9A52127522DD3B1C00B1054F /* Release */,
			);
			defaultConfigurationIsVisible = 0;
			defaultConfigurationName = Release;
		};
/* End XCConfigurationList section */

/* Begin XCVersionGroup section */
		9A52124C22DD3B1A00B1054F /* coreData2.xcdatamodeld */ = {
			isa = XCVersionGroup;
			children = (
				9A52124D22DD3B1A00B1054F /* coreData2.xcdatamodel */,
			);
			currentVersion = 9A52124D22DD3B1A00B1054F /* coreData2.xcdatamodel */;
			path = coreData2.xcdatamodeld;
			sourceTree = "<group>";
			versionGroupType = wrapper.xcdatamodel;
		};
/* End XCVersionGroup section */
	};
	rootObject = 9A52123A22DD3B1A00B1054F /* Project object */;
}
